// !$*UTF8*$!
{
	archiveVersion = 1;
	classes = {
	};
	objectVersion = 50;
	objects = {

/* Begin PBXBuildFile section */
		3E195C3B22F7936600DEAA0B /* AppDelegate.swift in Sources */ = {isa = PBXBuildFile; fileRef = 3E195C3A22F7936600DEAA0B /* AppDelegate.swift */; };
		3E195C3D22F7936600DEAA0B /* ViewController.swift in Sources */ = {isa = PBXBuildFile; fileRef = 3E195C3C22F7936600DEAA0B /* ViewController.swift */; };
		3E195C4022F7936600DEAA0B /* Main.storyboard in Resources */ = {isa = PBXBuildFile; fileRef = 3E195C3E22F7936600DEAA0B /* Main.storyboard */; };
		3E195C4222F7936800DEAA0B /* Assets.xcassets in Resources */ = {isa = PBXBuildFile; fileRef = 3E195C4122F7936800DEAA0B /* Assets.xcassets */; };
		3E195C4522F7936800DEAA0B /* LaunchScreen.storyboard in Resources */ = {isa = PBXBuildFile; fileRef = 3E195C4322F7936800DEAA0B /* LaunchScreen.storyboard */; };
		3E195C5D22F795D000DEAA0B /* ServiceManager.swift in Sources */ = {isa = PBXBuildFile; fileRef = 3E195C5C22F795D000DEAA0B /* ServiceManager.swift */; };
		3E195C6022F7960D00DEAA0B /* Model.swift in Sources */ = {isa = PBXBuildFile; fileRef = 3E195C5F22F7960D00DEAA0B /* Model.swift */; };
		3E195C6322F7990000DEAA0B /* ModelServiceUser.swift in Sources */ = {isa = PBXBuildFile; fileRef = 3E195C6222F7990000DEAA0B /* ModelServiceUser.swift */; };
		3E195C6522F7991E00DEAA0B /* ModelService.swift in Sources */ = {isa = PBXBuildFile; fileRef = 3E195C6422F7991E00DEAA0B /* ModelService.swift */; };
		3E195C6722F79A4E00DEAA0B /* ModelServiceSearchResult.swift in Sources */ = {isa = PBXBuildFile; fileRef = 3E195C6622F79A4E00DEAA0B /* ModelServiceSearchResult.swift */; };
		3E195C6922F7A12F00DEAA0B /* ModelServiceSearchItem.swift in Sources */ = {isa = PBXBuildFile; fileRef = 3E195C6822F7A12F00DEAA0B /* ModelServiceSearchItem.swift */; };
		3E195C6B22F7A13900DEAA0B /* ModelServiceSearch.swift in Sources */ = {isa = PBXBuildFile; fileRef = 3E195C6A22F7A13900DEAA0B /* ModelServiceSearch.swift */; };
/* End PBXBuildFile section */

/* Begin PBXFileReference section */
		3E195C3722F7936600DEAA0B /* bitpanda test.app */ = {isa = PBXFileReference; explicitFileType = wrapper.application; includeInIndex = 0; path = "bitpanda test.app"; sourceTree = BUILT_PRODUCTS_DIR; };
		3E195C3A22F7936600DEAA0B /* AppDelegate.swift */ = {isa = PBXFileReference; lastKnownFileType = sourcecode.swift; path = AppDelegate.swift; sourceTree = "<group>"; };
		3E195C3C22F7936600DEAA0B /* ViewController.swift */ = {isa = PBXFileReference; lastKnownFileType = sourcecode.swift; path = ViewController.swift; sourceTree = "<group>"; };
		3E195C3F22F7936600DEAA0B /* Base */ = {isa = PBXFileReference; lastKnownFileType = file.storyboard; name = Base; path = Base.lproj/Main.storyboard; sourceTree = "<group>"; };
		3E195C4122F7936800DEAA0B /* Assets.xcassets */ = {isa = PBXFileReference; lastKnownFileType = folder.assetcatalog; path = Assets.xcassets; sourceTree = "<group>"; };
		3E195C4422F7936800DEAA0B /* Base */ = {isa = PBXFileReference; lastKnownFileType = file.storyboard; name = Base; path = Base.lproj/LaunchScreen.storyboard; sourceTree = "<group>"; };
		3E195C4E22F794C400DEAA0B /* Info.plist */ = {isa = PBXFileReference; lastKnownFileType = text.plist.xml; path = Info.plist; sourceTree = "<group>"; };
		3E195C5C22F795D000DEAA0B /* ServiceManager.swift */ = {isa = PBXFileReference; fileEncoding = 4; lastKnownFileType = sourcecode.swift; path = ServiceManager.swift; sourceTree = "<group>"; };
		3E195C5F22F7960D00DEAA0B /* Model.swift */ = {isa = PBXFileReference; lastKnownFileType = sourcecode.swift; path = Model.swift; sourceTree = "<group>"; };
		3E195C6222F7990000DEAA0B /* ModelServiceUser.swift */ = {isa = PBXFileReference; lastKnownFileType = sourcecode.swift; path = ModelServiceUser.swift; sourceTree = "<group>"; };
		3E195C6422F7991E00DEAA0B /* ModelService.swift */ = {isa = PBXFileReference; lastKnownFileType = sourcecode.swift; path = ModelService.swift; sourceTree = "<group>"; };
		3E195C6622F79A4E00DEAA0B /* ModelServiceSearchResult.swift */ = {isa = PBXFileReference; lastKnownFileType = sourcecode.swift; path = ModelServiceSearchResult.swift; sourceTree = "<group>"; };
		3E195C6822F7A12F00DEAA0B /* ModelServiceSearchItem.swift */ = {isa = PBXFileReference; lastKnownFileType = sourcecode.swift; path = ModelServiceSearchItem.swift; sourceTree = "<group>"; };
		3E195C6A22F7A13900DEAA0B /* ModelServiceSearch.swift */ = {isa = PBXFileReference; lastKnownFileType = sourcecode.swift; path = ModelServiceSearch.swift; sourceTree = "<group>"; };
/* End PBXFileReference section */

/* Begin PBXFrameworksBuildPhase section */
		3E195C3422F7936600DEAA0B /* Frameworks */ = {
			isa = PBXFrameworksBuildPhase;
			buildActionMask = 2147483647;
			files = (
			);
			runOnlyForDeploymentPostprocessing = 0;
		};
/* End PBXFrameworksBuildPhase section */

/* Begin PBXGroup section */
		3E195C2E22F7936600DEAA0B = {
			isa = PBXGroup;
			children = (
				3E195C3922F7936600DEAA0B /* bitpanda test */,
				3E195C3822F7936600DEAA0B /* Products */,
			);
			sourceTree = "<group>";
		};
		3E195C3822F7936600DEAA0B /* Products */ = {
			isa = PBXGroup;
			children = (
				3E195C3722F7936600DEAA0B /* bitpanda test.app */,
			);
			name = Products;
			sourceTree = "<group>";
		};
		3E195C3922F7936600DEAA0B /* bitpanda test */ = {
			isa = PBXGroup;
			children = (
				3E195C5E22F795F700DEAA0B /* Model */,
				3E195C5B22F795D000DEAA0B /* Service */,
				3E195C3A22F7936600DEAA0B /* AppDelegate.swift */,
				3E195C3C22F7936600DEAA0B /* ViewController.swift */,
				3E195C3E22F7936600DEAA0B /* Main.storyboard */,
				3E195C4122F7936800DEAA0B /* Assets.xcassets */,
				3E195C4322F7936800DEAA0B /* LaunchScreen.storyboard */,
				3E195C4C22F794C400DEAA0B /* Supporting files */,
			);
			path = "bitpanda test";
			sourceTree = "<group>";
		};
		3E195C4C22F794C400DEAA0B /* Supporting files */ = {
			isa = PBXGroup;
			children = (
				3E195C4D22F794C400DEAA0B /* bitpanda test */,
			);
			path = "Supporting files";
			sourceTree = "<group>";
		};
		3E195C4D22F794C400DEAA0B /* bitpanda test */ = {
			isa = PBXGroup;
			children = (
				3E195C4E22F794C400DEAA0B /* Info.plist */,
			);
			path = "bitpanda test";
			sourceTree = "<group>";
		};
		3E195C5B22F795D000DEAA0B /* Service */ = {
			isa = PBXGroup;
			children = (
				3E195C5C22F795D000DEAA0B /* ServiceManager.swift */,
			);
			path = Service;
			sourceTree = "<group>";
		};
		3E195C5E22F795F700DEAA0B /* Model */ = {
			isa = PBXGroup;
			children = (
				3E195C5F22F7960D00DEAA0B /* Model.swift */,
				3E195C6122F7961900DEAA0B /* Service */,
			);
			path = Model;
			sourceTree = "<group>";
		};
		3E195C6122F7961900DEAA0B /* Service */ = {
			isa = PBXGroup;
			children = (
				3E195C6422F7991E00DEAA0B /* ModelService.swift */,
				3E195C6222F7990000DEAA0B /* ModelServiceUser.swift */,
				3E195C6A22F7A13900DEAA0B /* ModelServiceSearch.swift */,
				3E195C6822F7A12F00DEAA0B /* ModelServiceSearchItem.swift */,
				3E195C6622F79A4E00DEAA0B /* ModelServiceSearchResult.swift */,
			);
			path = Service;
			sourceTree = "<group>";
		};
/* End PBXGroup section */

/* Begin PBXNativeTarget section */
		3E195C3622F7936600DEAA0B /* bitpanda test */ = {
			isa = PBXNativeTarget;
			buildConfigurationList = 3E195C4922F7936800DEAA0B /* Build configuration list for PBXNativeTarget "bitpanda test" */;
			buildPhases = (
				3E195C3322F7936600DEAA0B /* Sources */,
				3E195C3422F7936600DEAA0B /* Frameworks */,
				3E195C3522F7936600DEAA0B /* Resources */,
			);
			buildRules = (
			);
			dependencies = (
			);
			name = "bitpanda test";
			productName = bitpanda_test;
			productReference = 3E195C3722F7936600DEAA0B /* bitpanda test.app */;
			productType = "com.apple.product-type.application";
		};
/* End PBXNativeTarget section */

/* Begin PBXProject section */
		3E195C2F22F7936600DEAA0B /* Project object */ = {
			isa = PBXProject;
			attributes = {
				LastSwiftUpdateCheck = 1030;
				LastUpgradeCheck = 1030;
				ORGANIZATIONNAME = "Milan Horvatovic";
				TargetAttributes = {
					3E195C3622F7936600DEAA0B = {
						CreatedOnToolsVersion = 10.3;
					};
				};
			};
			buildConfigurationList = 3E195C3222F7936600DEAA0B /* Build configuration list for PBXProject "bitpanda test" */;
			compatibilityVersion = "Xcode 9.3";
			developmentRegion = en;
			hasScannedForEncodings = 0;
			knownRegions = (
				en,
				Base,
			);
			mainGroup = 3E195C2E22F7936600DEAA0B;
			productRefGroup = 3E195C3822F7936600DEAA0B /* Products */;
			projectDirPath = "";
			projectRoot = "";
			targets = (
				3E195C3622F7936600DEAA0B /* bitpanda test */,
			);
		};
/* End PBXProject section */

/* Begin PBXResourcesBuildPhase section */
		3E195C3522F7936600DEAA0B /* Resources */ = {
			isa = PBXResourcesBuildPhase;
			buildActionMask = 2147483647;
			files = (
				3E195C4522F7936800DEAA0B /* LaunchScreen.storyboard in Resources */,
				3E195C4222F7936800DEAA0B /* Assets.xcassets in Resources */,
				3E195C4022F7936600DEAA0B /* Main.storyboard in Resources */,
			);
			runOnlyForDeploymentPostprocessing = 0;
		};
/* End PBXResourcesBuildPhase section */

/* Begin PBXSourcesBuildPhase section */
		3E195C3322F7936600DEAA0B /* Sources */ = {
			isa = PBXSourcesBuildPhase;
			buildActionMask = 2147483647;
			files = (
				3E195C3D22F7936600DEAA0B /* ViewController.swift in Sources */,
				3E195C6522F7991E00DEAA0B /* ModelService.swift in Sources */,
				3E195C3B22F7936600DEAA0B /* AppDelegate.swift in Sources */,
				3E195C6322F7990000DEAA0B /* ModelServiceUser.swift in Sources */,
				3E195C5D22F795D000DEAA0B /* ServiceManager.swift in Sources */,
				3E195C6722F79A4E00DEAA0B /* ModelServiceSearchResult.swift in Sources */,
				3E195C6B22F7A13900DEAA0B /* ModelServiceSearch.swift in Sources */,
				3E195C6922F7A12F00DEAA0B /* ModelServiceSearchItem.swift in Sources */,
				3E195C6022F7960D00DEAA0B /* Model.swift in Sources */,
			);
			runOnlyForDeploymentPostprocessing = 0;
		};
/* End PBXSourcesBuildPhase section */

/* Begin PBXVariantGroup section */
		3E195C3E22F7936600DEAA0B /* Main.storyboard */ = {
			isa = PBXVariantGroup;
			children = (
				3E195C3F22F7936600DEAA0B /* Base */,
			);
			name = Main.storyboard;
			sourceTree = "<group>";
		};
		3E195C4322F7936800DEAA0B /* LaunchScreen.storyboard */ = {
			isa = PBXVariantGroup;
			children = (
				3E195C4422F7936800DEAA0B /* Base */,
			);
			name = LaunchScreen.storyboard;
			sourceTree = "<group>";
		};
/* End PBXVariantGroup section */

/* Begin XCBuildConfiguration section */
		3E195C4722F7936800DEAA0B /* Debug */ = {
			isa = XCBuildConfiguration;
			buildSettings = {
				ALWAYS_SEARCH_USER_PATHS = NO;
				CLANG_ANALYZER_NONNULL = YES;
				CLANG_ANALYZER_NUMBER_OBJECT_CONVERSION = YES_AGGRESSIVE;
				CLANG_CXX_LANGUAGE_STANDARD = "gnu++14";
				CLANG_CXX_LIBRARY = "libc++";
				CLANG_ENABLE_MODULES = YES;
				CLANG_ENABLE_OBJC_ARC = YES;
				CLANG_ENABLE_OBJC_WEAK = YES;
				CLANG_WARN_BLOCK_CAPTURE_AUTORELEASING = YES;
				CLANG_WARN_BOOL_CONVERSION = YES;
				CLANG_WARN_COMMA = YES;
				CLANG_WARN_CONSTANT_CONVERSION = YES;
				CLANG_WARN_DEPRECATED_OBJC_IMPLEMENTATIONS = YES;
				CLANG_WARN_DIRECT_OBJC_ISA_USAGE = YES_ERROR;
				CLANG_WARN_DOCUMENTATION_COMMENTS = YES;
				CLANG_WARN_EMPTY_BODY = YES;
				CLANG_WARN_ENUM_CONVERSION = YES;
				CLANG_WARN_INFINITE_RECURSION = YES;
				CLANG_WARN_INT_CONVERSION = YES;
				CLANG_WARN_NON_LITERAL_NULL_CONVERSION = YES;
				CLANG_WARN_OBJC_IMPLICIT_RETAIN_SELF = YES;
				CLANG_WARN_OBJC_LITERAL_CONVERSION = YES;
				CLANG_WARN_OBJC_ROOT_CLASS = YES_ERROR;
				CLANG_WARN_RANGE_LOOP_ANALYSIS = YES;
				CLANG_WARN_STRICT_PROTOTYPES = YES;
				CLANG_WARN_SUSPICIOUS_MOVE = YES;
				CLANG_WARN_UNGUARDED_AVAILABILITY = YES_AGGRESSIVE;
				CLANG_WARN_UNREACHABLE_CODE = YES;
				CLANG_WARN__DUPLICATE_METHOD_MATCH = YES;
				CODE_SIGN_IDENTITY = "iPhone Developer";
				COPY_PHASE_STRIP = NO;
				DEBUG_INFORMATION_FORMAT = dwarf;
				ENABLE_STRICT_OBJC_MSGSEND = YES;
				ENABLE_TESTABILITY = YES;
				GCC_C_LANGUAGE_STANDARD = gnu11;
				GCC_DYNAMIC_NO_PIC = NO;
				GCC_NO_COMMON_BLOCKS = YES;
				GCC_OPTIMIZATION_LEVEL = 0;
				GCC_PREPROCESSOR_DEFINITIONS = (
					"DEBUG=1",
					"$(inherited)",
				);
				GCC_WARN_64_TO_32_BIT_CONVERSION = YES;
				GCC_WARN_ABOUT_RETURN_TYPE = YES_ERROR;
				GCC_WARN_UNDECLARED_SELECTOR = YES;
				GCC_WARN_UNINITIALIZED_AUTOS = YES_AGGRESSIVE;
				GCC_WARN_UNUSED_FUNCTION = YES;
				GCC_WARN_UNUSED_VARIABLE = YES;
				IPHONEOS_DEPLOYMENT_TARGET = 12.0;
				MTL_ENABLE_DEBUG_INFO = INCLUDE_SOURCE;
				MTL_FAST_MATH = YES;
				ONLY_ACTIVE_ARCH = YES;
				SDKROOT = iphoneos;
				SWIFT_ACTIVE_COMPILATION_CONDITIONS = DEBUG;
				SWIFT_OPTIMIZATION_LEVEL = "-Onone";
			};
			name = Debug;
		};
		3E195C4822F7936800DEAA0B /* Release */ = {
			isa = XCBuildConfiguration;
			buildSettings = {
				ALWAYS_SEARCH_USER_PATHS = NO;
				CLANG_ANALYZER_NONNULL = YES;
				CLANG_ANALYZER_NUMBER_OBJECT_CONVERSION = YES_AGGRESSIVE;
				CLANG_CXX_LANGUAGE_STANDARD = "gnu++14";
				CLANG_CXX_LIBRARY = "libc++";
				CLANG_ENABLE_MODULES = YES;
				CLANG_ENABLE_OBJC_ARC = YES;
				CLANG_ENABLE_OBJC_WEAK = YES;
				CLANG_WARN_BLOCK_CAPTURE_AUTORELEASING = YES;
				CLANG_WARN_BOOL_CONVERSION = YES;
				CLANG_WARN_COMMA = YES;
				CLANG_WARN_CONSTANT_CONVERSION = YES;
				CLANG_WARN_DEPRECATED_OBJC_IMPLEMENTATIONS = YES;
				CLANG_WARN_DIRECT_OBJC_ISA_USAGE = YES_ERROR;
				CLANG_WARN_DOCUMENTATION_COMMENTS = YES;
				CLANG_WARN_EMPTY_BODY = YES;
				CLANG_WARN_ENUM_CONVERSION = YES;
				CLANG_WARN_INFINITE_RECURSION = YES;
				CLANG_WARN_INT_CONVERSION = YES;
				CLANG_WARN_NON_LITERAL_NULL_CONVERSION = YES;
				CLANG_WARN_OBJC_IMPLICIT_RETAIN_SELF = YES;
				CLANG_WARN_OBJC_LITERAL_CONVERSION = YES;
				CLANG_WARN_OBJC_ROOT_CLASS = YES_ERROR;
				CLANG_WARN_RANGE_LOOP_ANALYSIS = YES;
				CLANG_WARN_STRICT_PROTOTYPES = YES;
				CLANG_WARN_SUSPICIOUS_MOVE = YES;
				CLANG_WARN_UNGUARDED_AVAILABILITY = YES_AGGRESSIVE;
				CLANG_WARN_UNREACHABLE_CODE = YES;
				CLANG_WARN__DUPLICATE_METHOD_MATCH = YES;
				CODE_SIGN_IDENTITY = "iPhone Developer";
				COPY_PHASE_STRIP = NO;
				DEBUG_INFORMATION_FORMAT = "dwarf-with-dsym";
				ENABLE_NS_ASSERTIONS = NO;
				ENABLE_STRICT_OBJC_MSGSEND = YES;
				GCC_C_LANGUAGE_STANDARD = gnu11;
				GCC_NO_COMMON_BLOCKS = YES;
				GCC_WARN_64_TO_32_BIT_CONVERSION = YES;
				GCC_WARN_ABOUT_RETURN_TYPE = YES_ERROR;
				GCC_WARN_UNDECLARED_SELECTOR = YES;
				GCC_WARN_UNINITIALIZED_AUTOS = YES_AGGRESSIVE;
				GCC_WARN_UNUSED_FUNCTION = YES;
				GCC_WARN_UNUSED_VARIABLE = YES;
				IPHONEOS_DEPLOYMENT_TARGET = 12.0;
				MTL_ENABLE_DEBUG_INFO = NO;
				MTL_FAST_MATH = YES;
				SDKROOT = iphoneos;
				SWIFT_COMPILATION_MODE = wholemodule;
				SWIFT_OPTIMIZATION_LEVEL = "-O";
				VALIDATE_PRODUCT = YES;
			};
			name = Release;
		};
		3E195C4A22F7936800DEAA0B /* Debug */ = {
			isa = XCBuildConfiguration;
			buildSettings = {
				ASSETCATALOG_COMPILER_APPICON_NAME = AppIcon;
				CODE_SIGN_STYLE = Automatic;
				DEVELOPMENT_TEAM = N68JY6YLQ9;
				INFOPLIST_FILE = "$(PROJECT_NAME)/Supporting files/$(PRODUCT_NAME)/Info.plist";
				LD_RUNPATH_SEARCH_PATHS = (
					"$(inherited)",
					"@executable_path/Frameworks",
				);
				PRODUCT_BUNDLE_IDENTIFIER = "com.milanhorvatovic.bitpanda-test";
				PRODUCT_NAME = "$(TARGET_NAME)";
				SWIFT_VERSION = 5.0;
				TARGETED_DEVICE_FAMILY = "1,2";
			};
			name = Debug;
		};
		3E195C4B22F7936800DEAA0B /* Release */ = {
			isa = XCBuildConfiguration;
			buildSettings = {
				ASSETCATALOG_COMPILER_APPICON_NAME = AppIcon;
				CODE_SIGN_STYLE = Automatic;
				DEVELOPMENT_TEAM = N68JY6YLQ9;
				INFOPLIST_FILE = "$(PROJECT_NAME)/Supporting files/$(PRODUCT_NAME)/Info.plist";
				LD_RUNPATH_SEARCH_PATHS = (
					"$(inherited)",
					"@executable_path/Frameworks",
				);
				PRODUCT_BUNDLE_IDENTIFIER = "com.milanhorvatovic.bitpanda-test";
				PRODUCT_NAME = "$(TARGET_NAME)";
				SWIFT_VERSION = 5.0;
				TARGETED_DEVICE_FAMILY = "1,2";
			};
			name = Release;
		};
/* End XCBuildConfiguration section */

/* Begin XCConfigurationList section */
		3E195C3222F7936600DEAA0B /* Build configuration list for PBXProject "bitpanda test" */ = {
			isa = XCConfigurationList;
			buildConfigurations = (
				3E195C4722F7936800DEAA0B /* Debug */,
				3E195C4822F7936800DEAA0B /* Release */,
			);
			defaultConfigurationIsVisible = 0;
			defaultConfigurationName = Release;
		};
		3E195C4922F7936800DEAA0B /* Build configuration list for PBXNativeTarget "bitpanda test" */ = {
			isa = XCConfigurationList;
			buildConfigurations = (
				3E195C4A22F7936800DEAA0B /* Debug */,
				3E195C4B22F7936800DEAA0B /* Release */,
			);
			defaultConfigurationIsVisible = 0;
			defaultConfigurationName = Release;
		};
/* End XCConfigurationList section */
	};
	rootObject = 3E195C2F22F7936600DEAA0B /* Project object */;
}
